// !$*UTF8*$!
{
	archiveVersion = 1;
	classes = {
	};
	objectVersion = 46;
	objects = {

/* Begin PBXBuildFile section */
		0E50AC3BF1CAC3B9DB672474 /* Pods_HueHTTPRequestTest.framework in Frameworks */ = {isa = PBXBuildFile; fileRef = 643A43BC76071C0F9C2DE83F /* Pods_HueHTTPRequestTest.framework */; };
		EF6724121E26F2E1009480D1 /* SwiftyJSON.framework in Frameworks */ = {isa = PBXBuildFile; fileRef = EF6724111E26F2E1009480D1 /* SwiftyJSON.framework */; };
		EFA913271E26C52F00F00D91 /* AppDelegate.swift in Sources */ = {isa = PBXBuildFile; fileRef = EFA913261E26C52F00F00D91 /* AppDelegate.swift */; };
		EFA913291E26C52F00F00D91 /* ViewController.swift in Sources */ = {isa = PBXBuildFile; fileRef = EFA913281E26C52F00F00D91 /* ViewController.swift */; };
		EFA9132C1E26C52F00F00D91 /* Main.storyboard in Resources */ = {isa = PBXBuildFile; fileRef = EFA9132A1E26C52F00F00D91 /* Main.storyboard */; };
		EFA9132E1E26C52F00F00D91 /* Assets.xcassets in Resources */ = {isa = PBXBuildFile; fileRef = EFA9132D1E26C52F00F00D91 /* Assets.xcassets */; };
		EFA913311E26C52F00F00D91 /* LaunchScreen.storyboard in Resources */ = {isa = PBXBuildFile; fileRef = EFA9132F1E26C52F00F00D91 /* LaunchScreen.storyboard */; };
		EFA913391E26D00F00F00D91 /* HueWrapper.swift in Sources */ = {isa = PBXBuildFile; fileRef = EFA913381E26D00F00F00D91 /* HueWrapper.swift */; };
/* End PBXBuildFile section */

/* Begin PBXFileReference section */
		39F59A8958A608FFF1D48DF1 /* Pods-HueHTTPRequestTest.release.xcconfig */ = {isa = PBXFileReference; includeInIndex = 1; lastKnownFileType = text.xcconfig; name = "Pods-HueHTTPRequestTest.release.xcconfig"; path = "Pods/Target Support Files/Pods-HueHTTPRequestTest/Pods-HueHTTPRequestTest.release.xcconfig"; sourceTree = "<group>"; };
		57FB8FEEA9C3067B59A06AA2 /* Pods-HueHTTPRequestTest.debug.xcconfig */ = {isa = PBXFileReference; includeInIndex = 1; lastKnownFileType = text.xcconfig; name = "Pods-HueHTTPRequestTest.debug.xcconfig"; path = "Pods/Target Support Files/Pods-HueHTTPRequestTest/Pods-HueHTTPRequestTest.debug.xcconfig"; sourceTree = "<group>"; };
		643A43BC76071C0F9C2DE83F /* Pods_HueHTTPRequestTest.framework */ = {isa = PBXFileReference; explicitFileType = wrapper.framework; includeInIndex = 0; path = Pods_HueHTTPRequestTest.framework; sourceTree = BUILT_PRODUCTS_DIR; };
		EF6724111E26F2E1009480D1 /* SwiftyJSON.framework */ = {isa = PBXFileReference; lastKnownFileType = wrapper.framework; name = SwiftyJSON.framework; path = "../../../../Library/Developer/Xcode/DerivedData/HueHTTPRequestTest-dalcwauehxdayoblbpojajwrlpvq/Build/Products/Debug-iphonesimulator/SwiftyJSON/SwiftyJSON.framework"; sourceTree = "<group>"; };
		EFA913231E26C52F00F00D91 /* HueHTTPRequestTest.app */ = {isa = PBXFileReference; explicitFileType = wrapper.application; includeInIndex = 0; path = HueHTTPRequestTest.app; sourceTree = BUILT_PRODUCTS_DIR; };
		EFA913261E26C52F00F00D91 /* AppDelegate.swift */ = {isa = PBXFileReference; lastKnownFileType = sourcecode.swift; path = AppDelegate.swift; sourceTree = "<group>"; };
		EFA913281E26C52F00F00D91 /* ViewController.swift */ = {isa = PBXFileReference; lastKnownFileType = sourcecode.swift; path = ViewController.swift; sourceTree = "<group>"; };
		EFA9132B1E26C52F00F00D91 /* Base */ = {isa = PBXFileReference; lastKnownFileType = file.storyboard; name = Base; path = Base.lproj/Main.storyboard; sourceTree = "<group>"; };
		EFA9132D1E26C52F00F00D91 /* Assets.xcassets */ = {isa = PBXFileReference; lastKnownFileType = folder.assetcatalog; path = Assets.xcassets; sourceTree = "<group>"; };
		EFA913301E26C52F00F00D91 /* Base */ = {isa = PBXFileReference; lastKnownFileType = file.storyboard; name = Base; path = Base.lproj/LaunchScreen.storyboard; sourceTree = "<group>"; };
		EFA913321E26C52F00F00D91 /* Info.plist */ = {isa = PBXFileReference; lastKnownFileType = text.plist.xml; path = Info.plist; sourceTree = "<group>"; };
		EFA913381E26D00F00F00D91 /* HueWrapper.swift */ = {isa = PBXFileReference; fileEncoding = 4; lastKnownFileType = sourcecode.swift; path = HueWrapper.swift; sourceTree = "<group>"; };
/* End PBXFileReference section */

/* Begin PBXFrameworksBuildPhase section */
		EFA913201E26C52F00F00D91 /* Frameworks */ = {
			isa = PBXFrameworksBuildPhase;
			buildActionMask = 2147483647;
			files = (
				EF6724121E26F2E1009480D1 /* SwiftyJSON.framework in Frameworks */,
				0E50AC3BF1CAC3B9DB672474 /* Pods_HueHTTPRequestTest.framework in Frameworks */,
			);
			runOnlyForDeploymentPostprocessing = 0;
		};
/* End PBXFrameworksBuildPhase section */

/* Begin PBXGroup section */
		1C7087C54DB07F233B545016 /* Pods */ = {
			isa = PBXGroup;
			children = (
				57FB8FEEA9C3067B59A06AA2 /* Pods-HueHTTPRequestTest.debug.xcconfig */,
				39F59A8958A608FFF1D48DF1 /* Pods-HueHTTPRequestTest.release.xcconfig */,
			);
			name = Pods;
			sourceTree = "<group>";
		};
		D33232CE1D717B0CA38250D6 /* Frameworks */ = {
			isa = PBXGroup;
			children = (
				EF6724111E26F2E1009480D1 /* SwiftyJSON.framework */,
				643A43BC76071C0F9C2DE83F /* Pods_HueHTTPRequestTest.framework */,
			);
			name = Frameworks;
			sourceTree = "<group>";
		};
		EFA9131A1E26C52F00F00D91 = {
			isa = PBXGroup;
			children = (
				EFA913251E26C52F00F00D91 /* HueHTTPRequestTest */,
				EFA913241E26C52F00F00D91 /* Products */,
				1C7087C54DB07F233B545016 /* Pods */,
				D33232CE1D717B0CA38250D6 /* Frameworks */,
			);
			sourceTree = "<group>";
		};
		EFA913241E26C52F00F00D91 /* Products */ = {
			isa = PBXGroup;
			children = (
				EFA913231E26C52F00F00D91 /* HueHTTPRequestTest.app */,
			);
			name = Products;
			sourceTree = "<group>";
		};
		EFA913251E26C52F00F00D91 /* HueHTTPRequestTest */ = {
			isa = PBXGroup;
			children = (
				EFA913261E26C52F00F00D91 /* AppDelegate.swift */,
				EFA913281E26C52F00F00D91 /* ViewController.swift */,
				EFA913381E26D00F00F00D91 /* HueWrapper.swift */,
				EFA9132A1E26C52F00F00D91 /* Main.storyboard */,
				EFA9132D1E26C52F00F00D91 /* Assets.xcassets */,
				EFA9132F1E26C52F00F00D91 /* LaunchScreen.storyboard */,
				EFA913321E26C52F00F00D91 /* Info.plist */,
			);
			path = HueHTTPRequestTest;
			sourceTree = "<group>";
		};
/* End PBXGroup section */

/* Begin PBXNativeTarget section */
		EFA913221E26C52F00F00D91 /* HueHTTPRequestTest */ = {
			isa = PBXNativeTarget;
			buildConfigurationList = EFA913351E26C52F00F00D91 /* Build configuration list for PBXNativeTarget "HueHTTPRequestTest" */;
			buildPhases = (
				01C92DD805A35EFC3AE0A37E /* [CP] Check Pods Manifest.lock */,
				EFA9131F1E26C52F00F00D91 /* Sources */,
				EFA913201E26C52F00F00D91 /* Frameworks */,
				EFA913211E26C52F00F00D91 /* Resources */,
				90BC1756C61EA1F481F5FB33 /* [CP] Embed Pods Frameworks */,
				7D9D808266546627068FDECF /* [CP] Copy Pods Resources */,
			);
			buildRules = (
			);
			dependencies = (
			);
			name = HueHTTPRequestTest;
			productName = HueHTTPRequestTest;
			productReference = EFA913231E26C52F00F00D91 /* HueHTTPRequestTest.app */;
			productType = "com.apple.product-type.application";
		};
/* End PBXNativeTarget section */

/* Begin PBXProject section */
		EFA9131B1E26C52F00F00D91 /* Project object */ = {
			isa = PBXProject;
			attributes = {
				LastSwiftUpdateCheck = 0820;
				LastUpgradeCheck = 0820;
				ORGANIZATIONNAME = "Sam Lee";
				TargetAttributes = {
					EFA913221E26C52F00F00D91 = {
						CreatedOnToolsVersion = 8.2.1;
						DevelopmentTeam = Y38T3TH9N8;
						ProvisioningStyle = Automatic;
					};
				};
			};
			buildConfigurationList = EFA9131E1E26C52F00F00D91 /* Build configuration list for PBXProject "HueHTTPRequestTest" */;
			compatibilityVersion = "Xcode 3.2";
			developmentRegion = English;
			hasScannedForEncodings = 0;
			knownRegions = (
				en,
				Base,
			);
			mainGroup = EFA9131A1E26C52F00F00D91;
			productRefGroup = EFA913241E26C52F00F00D91 /* Products */;
			projectDirPath = "";
			projectRoot = "";
			targets = (
				EFA913221E26C52F00F00D91 /* HueHTTPRequestTest */,
			);
		};
/* End PBXProject section */

/* Begin PBXResourcesBuildPhase section */
		EFA913211E26C52F00F00D91 /* Resources */ = {
			isa = PBXResourcesBuildPhase;
			buildActionMask = 2147483647;
			files = (
				EFA913311E26C52F00F00D91 /* LaunchScreen.storyboard in Resources */,
				EFA9132E1E26C52F00F00D91 /* Assets.xcassets in Resources */,
				EFA9132C1E26C52F00F00D91 /* Main.storyboard in Resources */,
			);
			runOnlyForDeploymentPostprocessing = 0;
		};
/* End PBXResourcesBuildPhase section */

/* Begin PBXShellScriptBuildPhase section */
		01C92DD805A35EFC3AE0A37E /* [CP] Check Pods Manifest.lock */ = {
			isa = PBXShellScriptBuildPhase;
			buildActionMask = 2147483647;
			files = (
			);
			inputPaths = (
			);
			name = "[CP] Check Pods Manifest.lock";
			outputPaths = (
			);
			runOnlyForDeploymentPostprocessing = 0;
			shellPath = /bin/sh;
			shellScript = "diff \"${PODS_ROOT}/../Podfile.lock\" \"${PODS_ROOT}/Manifest.lock\" > /dev/null\nif [ $? != 0 ] ; then\n    # print error to STDERR\n    echo \"error: The sandbox is not in sync with the Podfile.lock. Run 'pod install' or update your CocoaPods installation.\" >&2\n    exit 1\nfi\n";
			showEnvVarsInLog = 0;
		};
		7D9D808266546627068FDECF /* [CP] Copy Pods Resources */ = {
			isa = PBXShellScriptBuildPhase;
			buildActionMask = 2147483647;
			files = (
			);
			inputPaths = (
			);
			name = "[CP] Copy Pods Resources";
			outputPaths = (
			);
			runOnlyForDeploymentPostprocessing = 0;
			shellPath = /bin/sh;
			shellScript = "\"${SRCROOT}/Pods/Target Support Files/Pods-HueHTTPRequestTest/Pods-HueHTTPRequestTest-resources.sh\"\n";
			showEnvVarsInLog = 0;
		};
		90BC1756C61EA1F481F5FB33 /* [CP] Embed Pods Frameworks */ = {
			isa = PBXShellScriptBuildPhase;
			buildActionMask = 2147483647;
			files = (
			);
			inputPaths = (
			);
			name = "[CP] Embed Pods Frameworks";
			outputPaths = (
			);
			runOnlyForDeploymentPostprocessing = 0;
			shellPath = /bin/sh;
			shellScript = "\"${SRCROOT}/Pods/Target Support Files/Pods-HueHTTPRequestTest/Pods-HueHTTPRequestTest-frameworks.sh\"\n";
			showEnvVarsInLog = 0;
		};
/* End PBXShellScriptBuildPhase section */

/* Begin PBXSourcesBuildPhase section */
		EFA9131F1E26C52F00F00D91 /* Sources */ = {
			isa = PBXSourcesBuildPhase;
			buildActionMask = 2147483647;
			files = (
				EFA913291E26C52F00F00D91 /* ViewController.swift in Sources */,
				EFA913271E26C52F00F00D91 /* AppDelegate.swift in Sources */,
				EFA913391E26D00F00F00D91 /* HueWrapper.swift in Sources */,
			);
			runOnlyForDeploymentPostprocessing = 0;
		};
/* End PBXSourcesBuildPhase section */

/* Begin PBXVariantGroup section */
		EFA9132A1E26C52F00F00D91 /* Main.storyboard */ = {
			isa = PBXVariantGroup;
			children = (
				EFA9132B1E26C52F00F00D91 /* Base */,
			);
			name = Main.storyboard;
			sourceTree = "<group>";
		};
		EFA9132F1E26C52F00F00D91 /* LaunchScreen.storyboard */ = {
			isa = PBXVariantGroup;
			children = (
				EFA913301E26C52F00F00D91 /* Base */,
			);
			name = LaunchScreen.storyboard;
			sourceTree = "<group>";
		};
/* End PBXVariantGroup section */

/* Begin XCBuildConfiguration section */
		EFA913331E26C52F00F00D91 /* Debug */ = {
			isa = XCBuildConfiguration;
			buildSettings = {
				ALWAYS_SEARCH_USER_PATHS = NO;
				CLANG_ANALYZER_NONNULL = YES;
				CLANG_CXX_LANGUAGE_STANDARD = "gnu++0x";
				CLANG_CXX_LIBRARY = "libc++";
				CLANG_ENABLE_MODULES = YES;
				CLANG_ENABLE_OBJC_ARC = YES;
				CLANG_WARN_BOOL_CONVERSION = YES;
				CLANG_WARN_CONSTANT_CONVERSION = YES;
				CLANG_WARN_DIRECT_OBJC_ISA_USAGE = YES_ERROR;
				CLANG_WARN_DOCUMENTATION_COMMENTS = YES;
				CLANG_WARN_EMPTY_BODY = YES;
				CLANG_WARN_ENUM_CONVERSION = YES;
				CLANG_WARN_INFINITE_RECURSION = YES;
				CLANG_WARN_INT_CONVERSION = YES;
				CLANG_WARN_OBJC_ROOT_CLASS = YES_ERROR;
				CLANG_WARN_SUSPICIOUS_MOVE = YES;
				CLANG_WARN_UNREACHABLE_CODE = YES;
				CLANG_WARN__DUPLICATE_METHOD_MATCH = YES;
				"CODE_SIGN_IDENTITY[sdk=iphoneos*]" = "iPhone Developer";
				COPY_PHASE_STRIP = NO;
				DEBUG_INFORMATION_FORMAT = dwarf;
				ENABLE_STRICT_OBJC_MSGSEND = YES;
				ENABLE_TESTABILITY = YES;
				GCC_C_LANGUAGE_STANDARD = gnu99;
				GCC_DYNAMIC_NO_PIC = NO;
				GCC_NO_COMMON_BLOCKS = YES;
				GCC_OPTIMIZATION_LEVEL = 0;
				GCC_PREPROCESSOR_DEFINITIONS = (
					"DEBUG=1",
					"$(inherited)",
				);
				GCC_WARN_64_TO_32_BIT_CONVERSION = YES;
				GCC_WARN_ABOUT_RETURN_TYPE = YES_ERROR;
				GCC_WARN_UNDECLARED_SELECTOR = YES;
				GCC_WARN_UNINITIALIZED_AUTOS = YES_AGGRESSIVE;
				GCC_WARN_UNUSED_FUNCTION = YES;
				GCC_WARN_UNUSED_VARIABLE = YES;
				IPHONEOS_DEPLOYMENT_TARGET = 10.2;
				MTL_ENABLE_DEBUG_INFO = YES;
				ONLY_ACTIVE_ARCH = YES;
				SDKROOT = iphoneos;
				SWIFT_ACTIVE_COMPILATION_CONDITIONS = DEBUG;
				SWIFT_OPTIMIZATION_LEVEL = "-Onone";
			};
			name = Debug;
		};
		EFA913341E26C52F00F00D91 /* Release */ = {
			isa = XCBuildConfiguration;
			buildSettings = {
				ALWAYS_SEARCH_USER_PATHS = NO;
				CLANG_ANALYZER_NONNULL = YES;
				CLANG_CXX_LANGUAGE_STANDARD = "gnu++0x";
				CLANG_CXX_LIBRARY = "libc++";
				CLANG_ENABLE_MODULES = YES;
				CLANG_ENABLE_OBJC_ARC = YES;
				CLANG_WARN_BOOL_CONVERSION = YES;
				CLANG_WARN_CONSTANT_CONVERSION = YES;
				CLANG_WARN_DIRECT_OBJC_ISA_USAGE = YES_ERROR;
				CLANG_WARN_DOCUMENTATION_COMMENTS = YES;
				CLANG_WARN_EMPTY_BODY = YES;
				CLANG_WARN_ENUM_CONVERSION = YES;
				CLANG_WARN_INFINITE_RECURSION = YES;
				CLANG_WARN_INT_CONVERSION = YES;
				CLANG_WARN_OBJC_ROOT_CLASS = YES_ERROR;
				CLANG_WARN_SUSPICIOUS_MOVE = YES;
				CLANG_WARN_UNREACHABLE_CODE = YES;
				CLANG_WARN__DUPLICATE_METHOD_MATCH = YES;
				"CODE_SIGN_IDENTITY[sdk=iphoneos*]" = "iPhone Developer";
				COPY_PHASE_STRIP = NO;
				DEBUG_INFORMATION_FORMAT = "dwarf-with-dsym";
				ENABLE_NS_ASSERTIONS = NO;
				ENABLE_STRICT_OBJC_MSGSEND = YES;
				GCC_C_LANGUAGE_STANDARD = gnu99;
				GCC_NO_COMMON_BLOCKS = YES;
				GCC_WARN_64_TO_32_BIT_CONVERSION = YES;
				GCC_WARN_ABOUT_RETURN_TYPE = YES_ERROR;
				GCC_WARN_UNDECLARED_SELECTOR = YES;
				GCC_WARN_UNINITIALIZED_AUTOS = YES_AGGRESSIVE;
				GCC_WARN_UNUSED_FUNCTION = YES;
				GCC_WARN_UNUSED_VARIABLE = YES;
				IPHONEOS_DEPLOYMENT_TARGET = 10.2;
				MTL_ENABLE_DEBUG_INFO = NO;
				SDKROOT = iphoneos;
				SWIFT_OPTIMIZATION_LEVEL = "-Owholemodule";
				VALIDATE_PRODUCT = YES;
			};
			name = Release;
		};
		EFA913361E26C52F00F00D91 /* Debug */ = {
			isa = XCBuildConfiguration;
			baseConfigurationReference = 57FB8FEEA9C3067B59A06AA2 /* Pods-HueHTTPRequestTest.debug.xcconfig */;
			buildSettings = {
				ASSETCATALOG_COMPILER_APPICON_NAME = AppIcon;
				DEVELOPMENT_TEAM = Y38T3TH9N8;
				INFOPLIST_FILE = HueHTTPRequestTest/Info.plist;
				LD_RUNPATH_SEARCH_PATHS = "$(inherited) @executable_path/Frameworks";
				PRODUCT_BUNDLE_IDENTIFIER = com.samL.HueHTTPRequestTest;
				PRODUCT_NAME = "$(TARGET_NAME)";
				SWIFT_VERSION = 3.0;
			};
			name = Debug;
		};
		EFA913371E26C52F00F00D91 /* Release */ = {
			isa = XCBuildConfiguration;
			baseConfigurationReference = 39F59A8958A608FFF1D48DF1 /* Pods-HueHTTPRequestTest.release.xcconfig */;
			buildSettings = {
				ASSETCATALOG_COMPILER_APPICON_NAME = AppIcon;
				DEVELOPMENT_TEAM = Y38T3TH9N8;
				INFOPLIST_FILE = HueHTTPRequestTest/Info.plist;
				LD_RUNPATH_SEARCH_PATHS = "$(inherited) @executable_path/Frameworks";
				PRODUCT_BUNDLE_IDENTIFIER = com.samL.HueHTTPRequestTest;
				PRODUCT_NAME = "$(TARGET_NAME)";
				SWIFT_VERSION = 3.0;
			};
			name = Release;
		};
/* End XCBuildConfiguration section */

/* Begin XCConfigurationList section */
		EFA9131E1E26C52F00F00D91 /* Build configuration list for PBXProject "HueHTTPRequestTest" */ = {
			isa = XCConfigurationList;
			buildConfigurations = (
				EFA913331E26C52F00F00D91 /* Debug */,
				EFA913341E26C52F00F00D91 /* Release */,
			);
			defaultConfigurationIsVisible = 0;
			defaultConfigurationName = Release;
		};
		EFA913351E26C52F00F00D91 /* Build configuration list for PBXNativeTarget "HueHTTPRequestTest" */ = {
			isa = XCConfigurationList;
			buildConfigurations = (
				EFA913361E26C52F00F00D91 /* Debug */,
				EFA913371E26C52F00F00D91 /* Release */,
			);
			defaultConfigurationIsVisible = 0;
			defaultConfigurationName = Release;
		};
/* End XCConfigurationList section */
	};
	rootObject = EFA9131B1E26C52F00F00D91 /* Project object */;
}
